{
  "lockfileVersion": 1,
  "configVersion": 1,
  "workspaces": {
    "": {
      "name": "hye-server",
      "dependencies": {
        "@ai-sdk/anthropic": "^3.0.2",
        "@ai-sdk/openai": "^3.0.2",
        "ai": "^6.0.5",
        "effect": "^3.12.7",
      },
      "devDependencies": {
        "@types/bun": "^1.2.5",
        "typescript": "^5.7.3",
      },
    },
  },
  "packages": {
    "@ai-sdk/anthropic": ["@ai-sdk/anthropic@3.0.4", "", { "dependencies": { "@ai-sdk/provider": "3.0.1", "@ai-sdk/provider-utils": "4.0.2" }, "peerDependencies": { "zod": "^3.25.76 || ^4.1.8" } }, "sha512-0TdiAHsgws15ZlWeMNa7rR6mIkcYrnU94atMgDvGNCUQuwuypDspeCcKbvohGpPmDRiec3/Ws/7Q3DjhZdtM9A=="],

    "@ai-sdk/gateway": ["@ai-sdk/gateway@3.0.6", "", { "dependencies": { "@ai-sdk/provider": "3.0.1", "@ai-sdk/provider-utils": "4.0.2", "@vercel/oidc": "3.0.5" }, "peerDependencies": { "zod": "^3.25.76 || ^4.1.8" } }, "sha512-oEpwjM0PIaSUErtZI8Ag+gQ+ZelysRWA96N5ahvOc5e9d7QkKJWF0POWx0nI1qBxvmUSw7ca0sLTVw+J5yn7Tg=="],

    "@ai-sdk/openai": ["@ai-sdk/openai@3.0.2", "", { "dependencies": { "@ai-sdk/provider": "3.0.1", "@ai-sdk/provider-utils": "4.0.2" }, "peerDependencies": { "zod": "^3.25.76 || ^4.1.8" } }, "sha512-GONwavgSWtcWO+t9+GpGK8l7nIYh+zNtCL/NYDSeHxHiw6ksQS9XMRWrZyE5NpJ0EXNxSAWCHIDmb1WvTqhq9Q=="],

    "@ai-sdk/provider": ["@ai-sdk/provider@3.0.1", "", { "dependencies": { "json-schema": "^0.4.0" } }, "sha512-2lR4w7mr9XrydzxBSjir4N6YMGdXD+Np1Sh0RXABh7tWdNFFwIeRI1Q+SaYZMbfL8Pg8RRLcrxQm51yxTLhokg=="],

    "@ai-sdk/provider-utils": ["@ai-sdk/provider-utils@4.0.2", "", { "dependencies": { "@ai-sdk/provider": "3.0.1", "@standard-schema/spec": "^1.1.0", "eventsource-parser": "^3.0.6" }, "peerDependencies": { "zod": "^3.25.76 || ^4.1.8" } }, "sha512-KaykkuRBdF/ffpI5bwpL4aSCmO/99p8/ci+VeHwJO8tmvXtiVAb99QeyvvvXmL61e9Zrvv4GBGoajW19xdjkVQ=="],

    "@opentelemetry/api": ["@opentelemetry/api@1.9.0", "", {}, "sha512-3giAOQvZiH5F9bMlMiv8+GSPMeqg0dbaeo58/0SlA9sxSqZhnUtxzX9/2FzyhS9sWQf5S0GJE0AKBrFqjpeYcg=="],

    "@standard-schema/spec": ["@standard-schema/spec@1.1.0", "", {}, "sha512-l2aFy5jALhniG5HgqrD6jXLi/rUWrKvqN/qJx6yoJsgKhblVd+iqqU4RCXavm/jPityDo5TCvKMnpjKnOriy0w=="],

    "@types/bun": ["@types/bun@1.3.5", "", { "dependencies": { "bun-types": "1.3.5" } }, "sha512-RnygCqNrd3srIPEWBd5LFeUYG7plCoH2Yw9WaZGyNmdTEei+gWaHqydbaIRkIkcbXwhBT94q78QljxN0Sk838w=="],

    "@types/node": ["@types/node@25.0.3", "", { "dependencies": { "undici-types": "~7.16.0" } }, "sha512-W609buLVRVmeW693xKfzHeIV6nJGGz98uCPfeXI1ELMLXVeKYZ9m15fAMSaUPBHYLGFsVRcMmSCksQOrZV9BYA=="],

    "@vercel/oidc": ["@vercel/oidc@3.0.5", "", {}, "sha512-fnYhv671l+eTTp48gB4zEsTW/YtRgRPnkI2nT7x6qw5rkI1Lq2hTmQIpHPgyThI0znLK+vX2n9XxKdXZ7BUbbw=="],

    "ai": ["ai@6.0.7", "", { "dependencies": { "@ai-sdk/gateway": "3.0.6", "@ai-sdk/provider": "3.0.1", "@ai-sdk/provider-utils": "4.0.2", "@opentelemetry/api": "1.9.0" }, "peerDependencies": { "zod": "^3.25.76 || ^4.1.8" } }, "sha512-kLzSXHdW6cAcb2mFSIfkbfzxYqqjrUnyhrB1sg855qlC+6XkLI8hmwFE8f/4SnjmtcTDOnkIaVjWoO5i5Ir0bw=="],

    "bun-types": ["bun-types@1.3.5", "", { "dependencies": { "@types/node": "*" } }, "sha512-inmAYe2PFLs0SUbFOWSVD24sg1jFlMPxOjOSSCYqUgn4Hsc3rDc7dFvfVYjFPNHtov6kgUeulV4SxbuIV/stPw=="],

    "effect": ["effect@3.19.14", "", { "dependencies": { "@standard-schema/spec": "^1.0.0", "fast-check": "^3.23.1" } }, "sha512-3vwdq0zlvQOxXzXNKRIPKTqZNMyGCdaFUBfMPqpsyzZDre67kgC1EEHDV4EoQTovJ4w5fmJW756f86kkuz7WFA=="],

    "eventsource-parser": ["eventsource-parser@3.0.6", "", {}, "sha512-Vo1ab+QXPzZ4tCa8SwIHJFaSzy4R6SHf7BY79rFBDf0idraZWAkYrDjDj8uWaSm3S2TK+hJ7/t1CEmZ7jXw+pg=="],

    "fast-check": ["fast-check@3.23.2", "", { "dependencies": { "pure-rand": "^6.1.0" } }, "sha512-h5+1OzzfCC3Ef7VbtKdcv7zsstUQwUDlYpUTvjeUsJAssPgLn7QzbboPtL5ro04Mq0rPOsMzl7q5hIbRs2wD1A=="],

    "json-schema": ["json-schema@0.4.0", "", {}, "sha512-es94M3nTIfsEPisRafak+HDLfHXnKBhV3vU5eqPcS3flIWqcxJWgXHXiey3YrpaNsanY5ei1VoYEbOzijuq9BA=="],

    "pure-rand": ["pure-rand@6.1.0", "", {}, "sha512-bVWawvoZoBYpp6yIoQtQXHZjmz35RSVHnUOTefl8Vcjr8snTPY1wnpSPMWekcFwbxI6gtmT7rSYPFvz71ldiOA=="],

    "typescript": ["typescript@5.9.3", "", { "bin": { "tsc": "bin/tsc", "tsserver": "bin/tsserver" } }, "sha512-jl1vZzPDinLr9eUt3J/t7V6FgNEw9QjvBPdysz9KfQDD41fQrC2Y4vKQdiaUpFT4bXlb1RHhLpp8wtm6M5TgSw=="],

    "undici-types": ["undici-types@7.16.0", "", {}, "sha512-Zz+aZWSj8LE6zoxD+xrjh4VfkIG8Ya6LvYkZqtUQGJPZjYl53ypCaUwWqo7eI0x66KBGeRo+mlBEkMSeSZ38Nw=="],

    "zod": ["zod@3.25.76", "", {}, "sha512-gzUt/qt81nXsFGKIFcC3YnfEAx5NkunCfnDlvuBSSFS02bcXu4Lmea0AFIUwbLWxWPx3d9p8S5QoaujKcNQxcQ=="],
  }
}
